// !$*UTF8*$!
{
	archiveVersion = 1;
	classes = {
	};
	objectVersion = 56;
	objects = {

/* Begin PBXBuildFile section */
		6214DC1F2C07CA6E007BD141 /* PostCreateScreenBuilder.swift in Sources */ = {isa = PBXBuildFile; fileRef = 6214DC1E2C07CA6E007BD141 /* PostCreateScreenBuilder.swift */; };
		6214DC212C07F915007BD141 /* PostImageCell.swift in Sources */ = {isa = PBXBuildFile; fileRef = 6214DC202C07F915007BD141 /* PostImageCell.swift */; };
		621A9AF22BF2176C003EAE8D /* AppDelegate.swift in Sources */ = {isa = PBXBuildFile; fileRef = 621A9AF12BF2176C003EAE8D /* AppDelegate.swift */; };
		621A9AF42BF2176C003EAE8D /* SceneDelegate.swift in Sources */ = {isa = PBXBuildFile; fileRef = 621A9AF32BF2176C003EAE8D /* SceneDelegate.swift */; };
		621A9B0A2BF2186A003EAE8D /* SplashViewController.swift in Sources */ = {isa = PBXBuildFile; fileRef = 621A9B092BF2186A003EAE8D /* SplashViewController.swift */; };
		621A9B0C2BF21892003EAE8D /* SplashViewModel.swift in Sources */ = {isa = PBXBuildFile; fileRef = 621A9B0B2BF21892003EAE8D /* SplashViewModel.swift */; };
		621A9B0E2BF218AB003EAE8D /* SplashBuilder.swift in Sources */ = {isa = PBXBuildFile; fileRef = 621A9B0D2BF218AB003EAE8D /* SplashBuilder.swift */; };
		621A9B112BF218D7003EAE8D /* ShowAlert.swift in Sources */ = {isa = PBXBuildFile; fileRef = 621A9B102BF218D7003EAE8D /* ShowAlert.swift */; };
		621A9B242BF22C7B003EAE8D /* FirebaseAuth in Frameworks */ = {isa = PBXBuildFile; productRef = 621A9B232BF22C7B003EAE8D /* FirebaseAuth */; };
		621A9B262BF22C7B003EAE8D /* FirebaseAuthCombine-Community in Frameworks */ = {isa = PBXBuildFile; productRef = 621A9B252BF22C7B003EAE8D /* FirebaseAuthCombine-Community */; };
		621A9B2A2BF22C7B003EAE8D /* FirebaseDatabase in Frameworks */ = {isa = PBXBuildFile; productRef = 621A9B292BF22C7B003EAE8D /* FirebaseDatabase */; };
		621A9B2C2BF22C7B003EAE8D /* FirebaseDatabaseSwift in Frameworks */ = {isa = PBXBuildFile; productRef = 621A9B2B2BF22C7B003EAE8D /* FirebaseDatabaseSwift */; };
		621A9B2E2BF22C7B003EAE8D /* FirebaseDynamicLinks in Frameworks */ = {isa = PBXBuildFile; productRef = 621A9B2D2BF22C7B003EAE8D /* FirebaseDynamicLinks */; };
		621A9B302BF22C7B003EAE8D /* FirebaseFirestore in Frameworks */ = {isa = PBXBuildFile; productRef = 621A9B2F2BF22C7B003EAE8D /* FirebaseFirestore */; };
		621A9B322BF22C7B003EAE8D /* FirebaseFirestoreCombine-Community in Frameworks */ = {isa = PBXBuildFile; productRef = 621A9B312BF22C7B003EAE8D /* FirebaseFirestoreCombine-Community */; };
		621A9B342BF22C7B003EAE8D /* FirebaseFirestoreSwift in Frameworks */ = {isa = PBXBuildFile; productRef = 621A9B332BF22C7B003EAE8D /* FirebaseFirestoreSwift */; };
		621A9B362BF22C7B003EAE8D /* FirebaseFunctions in Frameworks */ = {isa = PBXBuildFile; productRef = 621A9B352BF22C7B003EAE8D /* FirebaseFunctions */; };
		621A9B382BF22C7B003EAE8D /* FirebaseFunctionsCombine-Community in Frameworks */ = {isa = PBXBuildFile; productRef = 621A9B372BF22C7B003EAE8D /* FirebaseFunctionsCombine-Community */; };
		621A9B3E2BF22C7B003EAE8D /* FirebaseInstallations in Frameworks */ = {isa = PBXBuildFile; productRef = 621A9B3D2BF22C7B003EAE8D /* FirebaseInstallations */; };
		621A9B4A2BF22C7B003EAE8D /* FirebaseStorage in Frameworks */ = {isa = PBXBuildFile; productRef = 621A9B492BF22C7B003EAE8D /* FirebaseStorage */; };
		621A9B4C2BF22C7B003EAE8D /* FirebaseStorageCombine-Community in Frameworks */ = {isa = PBXBuildFile; productRef = 621A9B4B2BF22C7B003EAE8D /* FirebaseStorageCombine-Community */; };
		621A9B4F2BF22DD2003EAE8D /* LogInViewController.swift in Sources */ = {isa = PBXBuildFile; fileRef = 621A9B4E2BF22DD2003EAE8D /* LogInViewController.swift */; };
		621A9B512BF22DDD003EAE8D /* LogInViewModel.swift in Sources */ = {isa = PBXBuildFile; fileRef = 621A9B502BF22DDD003EAE8D /* LogInViewModel.swift */; };
		621A9B532BF23B07003EAE8D /* LogInScreenBuilder.swift in Sources */ = {isa = PBXBuildFile; fileRef = 621A9B522BF23B07003EAE8D /* LogInScreenBuilder.swift */; };
		621A9B562BF23BCC003EAE8D /* SignUpViewController.swift in Sources */ = {isa = PBXBuildFile; fileRef = 621A9B552BF23BCC003EAE8D /* SignUpViewController.swift */; };
		621A9B582BF23BDA003EAE8D /* SignUpViewModel.swift in Sources */ = {isa = PBXBuildFile; fileRef = 621A9B572BF23BDA003EAE8D /* SignUpViewModel.swift */; };
		621A9B5A2BF23BE8003EAE8D /* SignUpScreenBuilder.swift in Sources */ = {isa = PBXBuildFile; fileRef = 621A9B592BF23BE8003EAE8D /* SignUpScreenBuilder.swift */; };
		621A9B6B2BF248DF003EAE8D /* GoogleService-Info.plist in Resources */ = {isa = PBXBuildFile; fileRef = 621A9B692BF248B9003EAE8D /* GoogleService-Info.plist */; };
		621A9B712BF28B01003EAE8D /* ShowLoading.swift in Sources */ = {isa = PBXBuildFile; fileRef = 621A9B702BF28B01003EAE8D /* ShowLoading.swift */; };
		621A9B732BF29D09003EAE8D /* SuccessDialogue.swift in Sources */ = {isa = PBXBuildFile; fileRef = 621A9B722BF29D09003EAE8D /* SuccessDialogue.swift */; };
		623221932C0747A40055B8A4 /* ProfileScreenBuilder.swift in Sources */ = {isa = PBXBuildFile; fileRef = 623221922C0747A40055B8A4 /* ProfileScreenBuilder.swift */; };
		623221962C079BA80055B8A4 /* PostCreateViewController.swift in Sources */ = {isa = PBXBuildFile; fileRef = 623221952C079BA80055B8A4 /* PostCreateViewController.swift */; };
		623221982C079BB20055B8A4 /* PostCreateViewModel.swift in Sources */ = {isa = PBXBuildFile; fileRef = 623221972C079BB20055B8A4 /* PostCreateViewModel.swift */; };
		6245703F2C0908BE0094B47C /* FirebaseService.swift in Sources */ = {isa = PBXBuildFile; fileRef = 6245703E2C0908BE0094B47C /* FirebaseService.swift */; };
		624570462C0AA54B0094B47C /* SearchViewModel.swift in Sources */ = {isa = PBXBuildFile; fileRef = 624570452C0AA54B0094B47C /* SearchViewModel.swift */; };
		624570482C0AAB600094B47C /* SearchScreenBuilder.swift in Sources */ = {isa = PBXBuildFile; fileRef = 624570472C0AAB600094B47C /* SearchScreenBuilder.swift */; };
		6245704A2C0AABBB0094B47C /* UserCell.swift in Sources */ = {isa = PBXBuildFile; fileRef = 624570492C0AABBB0094B47C /* UserCell.swift */; };
		625F8BFA2C0FA01E0089EC15 /* EditProfileMenu.swift in Sources */ = {isa = PBXBuildFile; fileRef = 625F8BF92C0FA01E0089EC15 /* EditProfileMenu.swift */; };
		6271CA1C2BFB5FEB00989407 /* ProfileViewController.swift in Sources */ = {isa = PBXBuildFile; fileRef = 6271CA1B2BFB5FEB00989407 /* ProfileViewController.swift */; };
		6271CA1E2BFB600000989407 /* ProfileViewModel.swift in Sources */ = {isa = PBXBuildFile; fileRef = 6271CA1D2BFB600000989407 /* ProfileViewModel.swift */; };
		6271CA212BFB822900989407 /* SearchViewController.swift in Sources */ = {isa = PBXBuildFile; fileRef = 6271CA202BFB822900989407 /* SearchViewController.swift */; };
		6271CA262BFB87DA00989407 /* Kingfisher in Frameworks */ = {isa = PBXBuildFile; productRef = 6271CA252BFB87DA00989407 /* Kingfisher */; };
		6271CA282BFB88C900989407 /* HomeBuilder.swift in Sources */ = {isa = PBXBuildFile; fileRef = 6271CA272BFB88C900989407 /* HomeBuilder.swift */; };
		628D03C62C0E424C0034C005 /* PostViewController.swift in Sources */ = {isa = PBXBuildFile; fileRef = 628D03C52C0E424C0034C005 /* PostViewController.swift */; };
		628D03C82C0E42570034C005 /* PostViewModel.swift in Sources */ = {isa = PBXBuildFile; fileRef = 628D03C72C0E42570034C005 /* PostViewModel.swift */; };
		628D03CA2C0E48820034C005 /* PostScreenBuilder.swift in Sources */ = {isa = PBXBuildFile; fileRef = 628D03C92C0E48820034C005 /* PostScreenBuilder.swift */; };
		628D03CD2C0E933D0034C005 /* Protocols.swift in Sources */ = {isa = PBXBuildFile; fileRef = 628D03CC2C0E933D0034C005 /* Protocols.swift */; };
		6291101F2C0BA4AD00971D54 /* Extensions.swift in Sources */ = {isa = PBXBuildFile; fileRef = 6291101E2C0BA4AD00971D54 /* Extensions.swift */; };
		6296DFAC2BF4E8F300A93BD0 /* HomeViewModel.swift in Sources */ = {isa = PBXBuildFile; fileRef = 6296DFAB2BF4E8F300A93BD0 /* HomeViewModel.swift */; };
		6296DFAE2BF4E90400A93BD0 /* HomeViewController.swift in Sources */ = {isa = PBXBuildFile; fileRef = 6296DFAD2BF4E90400A93BD0 /* HomeViewController.swift */; };
		6296DFB12BF4EB5900A93BD0 /* KeychainAccess in Frameworks */ = {isa = PBXBuildFile; productRef = 6296DFB02BF4EB5900A93BD0 /* KeychainAccess */; };
		6296DFB42BF4F1D700A93BD0 /* PostCell.swift in Sources */ = {isa = PBXBuildFile; fileRef = 6296DFB32BF4F1D700A93BD0 /* PostCell.swift */; };
		6296DFB62BF50D8200A93BD0 /* PostModel.swift in Sources */ = {isa = PBXBuildFile; fileRef = 6296DFB52BF50D8200A93BD0 /* PostModel.swift */; };
		62EE356A2BF9618900708DA4 /* UserModel.swift in Sources */ = {isa = PBXBuildFile; fileRef = 62EE35692BF9618900708DA4 /* UserModel.swift */; };
		62EE356D2BF961AB00708DA4 /* UserService.swift in Sources */ = {isa = PBXBuildFile; fileRef = 62EE356C2BF961AB00708DA4 /* UserService.swift */; };
/* End PBXBuildFile section */

/* Begin PBXFileReference section */
		6214DC1E2C07CA6E007BD141 /* PostCreateScreenBuilder.swift */ = {isa = PBXFileReference; lastKnownFileType = sourcecode.swift; path = PostCreateScreenBuilder.swift; sourceTree = "<group>"; };
		6214DC202C07F915007BD141 /* PostImageCell.swift */ = {isa = PBXFileReference; lastKnownFileType = sourcecode.swift; path = PostImageCell.swift; sourceTree = "<group>"; };
		621A9AEE2BF2176C003EAE8D /* Holler.app */ = {isa = PBXFileReference; explicitFileType = wrapper.application; includeInIndex = 0; path = Holler.app; sourceTree = BUILT_PRODUCTS_DIR; };
		621A9AF12BF2176C003EAE8D /* AppDelegate.swift */ = {isa = PBXFileReference; lastKnownFileType = sourcecode.swift; path = AppDelegate.swift; sourceTree = "<group>"; };
		621A9AF32BF2176C003EAE8D /* SceneDelegate.swift */ = {isa = PBXFileReference; lastKnownFileType = sourcecode.swift; path = SceneDelegate.swift; sourceTree = "<group>"; };
		621A9AFA2BF2176D003EAE8D /* Assets.xcassets */ = {isa = PBXFileReference; lastKnownFileType = folder.assetcatalog; path = Assets.xcassets; sourceTree = "<group>"; };
		621A9B092BF2186A003EAE8D /* SplashViewController.swift */ = {isa = PBXFileReference; lastKnownFileType = sourcecode.swift; path = SplashViewController.swift; sourceTree = "<group>"; };
		621A9B0B2BF21892003EAE8D /* SplashViewModel.swift */ = {isa = PBXFileReference; lastKnownFileType = sourcecode.swift; path = SplashViewModel.swift; sourceTree = "<group>"; };
		621A9B0D2BF218AB003EAE8D /* SplashBuilder.swift */ = {isa = PBXFileReference; lastKnownFileType = sourcecode.swift; path = SplashBuilder.swift; sourceTree = "<group>"; };
		621A9B102BF218D7003EAE8D /* ShowAlert.swift */ = {isa = PBXFileReference; lastKnownFileType = sourcecode.swift; path = ShowAlert.swift; sourceTree = "<group>"; };
		621A9B4E2BF22DD2003EAE8D /* LogInViewController.swift */ = {isa = PBXFileReference; lastKnownFileType = sourcecode.swift; path = LogInViewController.swift; sourceTree = "<group>"; };
		621A9B502BF22DDD003EAE8D /* LogInViewModel.swift */ = {isa = PBXFileReference; lastKnownFileType = sourcecode.swift; path = LogInViewModel.swift; sourceTree = "<group>"; };
		621A9B522BF23B07003EAE8D /* LogInScreenBuilder.swift */ = {isa = PBXFileReference; lastKnownFileType = sourcecode.swift; path = LogInScreenBuilder.swift; sourceTree = "<group>"; };
		621A9B552BF23BCC003EAE8D /* SignUpViewController.swift */ = {isa = PBXFileReference; lastKnownFileType = sourcecode.swift; path = SignUpViewController.swift; sourceTree = "<group>"; };
		621A9B572BF23BDA003EAE8D /* SignUpViewModel.swift */ = {isa = PBXFileReference; lastKnownFileType = sourcecode.swift; path = SignUpViewModel.swift; sourceTree = "<group>"; };
		621A9B592BF23BE8003EAE8D /* SignUpScreenBuilder.swift */ = {isa = PBXFileReference; lastKnownFileType = sourcecode.swift; path = SignUpScreenBuilder.swift; sourceTree = "<group>"; };
		621A9B672BF24781003EAE8D /* Info.plist */ = {isa = PBXFileReference; lastKnownFileType = text.plist; path = Info.plist; sourceTree = "<group>"; };
		621A9B692BF248B9003EAE8D /* GoogleService-Info.plist */ = {isa = PBXFileReference; fileEncoding = 4; lastKnownFileType = text.plist.xml; path = "GoogleService-Info.plist"; sourceTree = "<group>"; };
		621A9B702BF28B01003EAE8D /* ShowLoading.swift */ = {isa = PBXFileReference; lastKnownFileType = sourcecode.swift; path = ShowLoading.swift; sourceTree = "<group>"; };
		621A9B722BF29D09003EAE8D /* SuccessDialogue.swift */ = {isa = PBXFileReference; lastKnownFileType = sourcecode.swift; path = SuccessDialogue.swift; sourceTree = "<group>"; };
		623221922C0747A40055B8A4 /* ProfileScreenBuilder.swift */ = {isa = PBXFileReference; lastKnownFileType = sourcecode.swift; path = ProfileScreenBuilder.swift; sourceTree = "<group>"; };
		623221952C079BA80055B8A4 /* PostCreateViewController.swift */ = {isa = PBXFileReference; lastKnownFileType = sourcecode.swift; path = PostCreateViewController.swift; sourceTree = "<group>"; };
		623221972C079BB20055B8A4 /* PostCreateViewModel.swift */ = {isa = PBXFileReference; lastKnownFileType = sourcecode.swift; path = PostCreateViewModel.swift; sourceTree = "<group>"; };
		6245703E2C0908BE0094B47C /* FirebaseService.swift */ = {isa = PBXFileReference; lastKnownFileType = sourcecode.swift; path = FirebaseService.swift; sourceTree = "<group>"; };
		624570452C0AA54B0094B47C /* SearchViewModel.swift */ = {isa = PBXFileReference; lastKnownFileType = sourcecode.swift; path = SearchViewModel.swift; sourceTree = "<group>"; };
		624570472C0AAB600094B47C /* SearchScreenBuilder.swift */ = {isa = PBXFileReference; lastKnownFileType = sourcecode.swift; path = SearchScreenBuilder.swift; sourceTree = "<group>"; };
		624570492C0AABBB0094B47C /* UserCell.swift */ = {isa = PBXFileReference; lastKnownFileType = sourcecode.swift; path = UserCell.swift; sourceTree = "<group>"; };
		625F8BF92C0FA01E0089EC15 /* EditProfileMenu.swift */ = {isa = PBXFileReference; lastKnownFileType = sourcecode.swift; path = EditProfileMenu.swift; sourceTree = "<group>"; };
		6271CA1B2BFB5FEB00989407 /* ProfileViewController.swift */ = {isa = PBXFileReference; lastKnownFileType = sourcecode.swift; path = ProfileViewController.swift; sourceTree = "<group>"; };
		6271CA1D2BFB600000989407 /* ProfileViewModel.swift */ = {isa = PBXFileReference; lastKnownFileType = sourcecode.swift; path = ProfileViewModel.swift; sourceTree = "<group>"; };
		6271CA202BFB822900989407 /* SearchViewController.swift */ = {isa = PBXFileReference; lastKnownFileType = sourcecode.swift; path = SearchViewController.swift; sourceTree = "<group>"; };
		6271CA272BFB88C900989407 /* HomeBuilder.swift */ = {isa = PBXFileReference; lastKnownFileType = sourcecode.swift; path = HomeBuilder.swift; sourceTree = "<group>"; };
		628D03C52C0E424C0034C005 /* PostViewController.swift */ = {isa = PBXFileReference; lastKnownFileType = sourcecode.swift; path = PostViewController.swift; sourceTree = "<group>"; };
		628D03C72C0E42570034C005 /* PostViewModel.swift */ = {isa = PBXFileReference; lastKnownFileType = sourcecode.swift; path = PostViewModel.swift; sourceTree = "<group>"; };
		628D03C92C0E48820034C005 /* PostScreenBuilder.swift */ = {isa = PBXFileReference; lastKnownFileType = sourcecode.swift; path = PostScreenBuilder.swift; sourceTree = "<group>"; };
		628D03CC2C0E933D0034C005 /* Protocols.swift */ = {isa = PBXFileReference; lastKnownFileType = sourcecode.swift; path = Protocols.swift; sourceTree = "<group>"; };
		6291101E2C0BA4AD00971D54 /* Extensions.swift */ = {isa = PBXFileReference; lastKnownFileType = sourcecode.swift; path = Extensions.swift; sourceTree = "<group>"; };
		6296DFAB2BF4E8F300A93BD0 /* HomeViewModel.swift */ = {isa = PBXFileReference; lastKnownFileType = sourcecode.swift; path = HomeViewModel.swift; sourceTree = "<group>"; };
		6296DFAD2BF4E90400A93BD0 /* HomeViewController.swift */ = {isa = PBXFileReference; lastKnownFileType = sourcecode.swift; path = HomeViewController.swift; sourceTree = "<group>"; };
		6296DFB32BF4F1D700A93BD0 /* PostCell.swift */ = {isa = PBXFileReference; lastKnownFileType = sourcecode.swift; path = PostCell.swift; sourceTree = "<group>"; };
		6296DFB52BF50D8200A93BD0 /* PostModel.swift */ = {isa = PBXFileReference; lastKnownFileType = sourcecode.swift; path = PostModel.swift; sourceTree = "<group>"; };
		62EE35692BF9618900708DA4 /* UserModel.swift */ = {isa = PBXFileReference; lastKnownFileType = sourcecode.swift; path = UserModel.swift; sourceTree = "<group>"; };
		62EE356C2BF961AB00708DA4 /* UserService.swift */ = {isa = PBXFileReference; lastKnownFileType = sourcecode.swift; path = UserService.swift; sourceTree = "<group>"; };
/* End PBXFileReference section */

/* Begin PBXFrameworksBuildPhase section */
		621A9AEB2BF2176C003EAE8D /* Frameworks */ = {
			isa = PBXFrameworksBuildPhase;
			buildActionMask = 2147483647;
			files = (
				621A9B362BF22C7B003EAE8D /* FirebaseFunctions in Frameworks */,
				621A9B2C2BF22C7B003EAE8D /* FirebaseDatabaseSwift in Frameworks */,
				6296DFB12BF4EB5900A93BD0 /* KeychainAccess in Frameworks */,
				621A9B262BF22C7B003EAE8D /* FirebaseAuthCombine-Community in Frameworks */,
				621A9B322BF22C7B003EAE8D /* FirebaseFirestoreCombine-Community in Frameworks */,
				621A9B342BF22C7B003EAE8D /* FirebaseFirestoreSwift in Frameworks */,
				621A9B382BF22C7B003EAE8D /* FirebaseFunctionsCombine-Community in Frameworks */,
				621A9B3E2BF22C7B003EAE8D /* FirebaseInstallations in Frameworks */,
				621A9B4A2BF22C7B003EAE8D /* FirebaseStorage in Frameworks */,
				6271CA262BFB87DA00989407 /* Kingfisher in Frameworks */,
				621A9B2A2BF22C7B003EAE8D /* FirebaseDatabase in Frameworks */,
				621A9B4C2BF22C7B003EAE8D /* FirebaseStorageCombine-Community in Frameworks */,
				621A9B242BF22C7B003EAE8D /* FirebaseAuth in Frameworks */,
				621A9B2E2BF22C7B003EAE8D /* FirebaseDynamicLinks in Frameworks */,
				621A9B302BF22C7B003EAE8D /* FirebaseFirestore in Frameworks */,
			);
			runOnlyForDeploymentPostprocessing = 0;
		};
/* End PBXFrameworksBuildPhase section */

/* Begin PBXGroup section */
		621A9AE52BF2176C003EAE8D = {
			isa = PBXGroup;
			children = (
				621A9AF02BF2176C003EAE8D /* Holler */,
				621A9AEF2BF2176C003EAE8D /* Products */,
				6271CA242BFB87DA00989407 /* Frameworks */,
			);
			sourceTree = "<group>";
		};
		621A9AEF2BF2176C003EAE8D /* Products */ = {
			isa = PBXGroup;
			children = (
				621A9AEE2BF2176C003EAE8D /* Holler.app */,
			);
			name = Products;
			sourceTree = "<group>";
		};
		621A9AF02BF2176C003EAE8D /* Holler */ = {
			isa = PBXGroup;
			children = (
				62EE356B2BF9619E00708DA4 /* Service */,
				621A9B692BF248B9003EAE8D /* GoogleService-Info.plist */,
				621A9B0F2BF218CC003EAE8D /* Utils */,
				621A9B072BF2184F003EAE8D /* Modules */,
				621A9B062BF21794003EAE8D /* Resources */,
				621A9B052BF21782003EAE8D /* App */,
			);
			path = Holler;
			sourceTree = "<group>";
		};
		621A9B052BF21782003EAE8D /* App */ = {
			isa = PBXGroup;
			children = (
				621A9AF12BF2176C003EAE8D /* AppDelegate.swift */,
				621A9AF32BF2176C003EAE8D /* SceneDelegate.swift */,
				621A9B672BF24781003EAE8D /* Info.plist */,
			);
			path = App;
			sourceTree = "<group>";
		};
		621A9B062BF21794003EAE8D /* Resources */ = {
			isa = PBXGroup;
			children = (
				621A9AFA2BF2176D003EAE8D /* Assets.xcassets */,
			);
			path = Resources;
			sourceTree = "<group>";
		};
		621A9B072BF2184F003EAE8D /* Modules */ = {
			isa = PBXGroup;
			children = (
				628D03CB2C0E93310034C005 /* Protocols */,
				624570402C0A10270094B47C /* Views */,
				624570432C0A107B0094B47C /* Models */,
				624570422C0A105B0094B47C /* ViewModels */,
				624570442C0A10A90094B47C /* Builders */,
			);
			path = Modules;
			sourceTree = "<group>";
		};
		621A9B0F2BF218CC003EAE8D /* Utils */ = {
			isa = PBXGroup;
			children = (
				621A9B102BF218D7003EAE8D /* ShowAlert.swift */,
				621A9B702BF28B01003EAE8D /* ShowLoading.swift */,
				621A9B722BF29D09003EAE8D /* SuccessDialogue.swift */,
				6291101E2C0BA4AD00971D54 /* Extensions.swift */,
				625F8BF92C0FA01E0089EC15 /* EditProfileMenu.swift */,
			);
			path = Utils;
			sourceTree = "<group>";
		};
		624570402C0A10270094B47C /* Views */ = {
			isa = PBXGroup;
			children = (
				624570412C0A104D0094B47C /* Cells */,
				621A9B092BF2186A003EAE8D /* SplashViewController.swift */,
				621A9B4E2BF22DD2003EAE8D /* LogInViewController.swift */,
				621A9B552BF23BCC003EAE8D /* SignUpViewController.swift */,
				6296DFAD2BF4E90400A93BD0 /* HomeViewController.swift */,
				623221952C079BA80055B8A4 /* PostCreateViewController.swift */,
				6271CA1B2BFB5FEB00989407 /* ProfileViewController.swift */,
				6271CA202BFB822900989407 /* SearchViewController.swift */,
				628D03C52C0E424C0034C005 /* PostViewController.swift */,
			);
			path = Views;
			sourceTree = "<group>";
		};
		624570412C0A104D0094B47C /* Cells */ = {
			isa = PBXGroup;
			children = (
				6296DFB32BF4F1D700A93BD0 /* PostCell.swift */,
				6214DC202C07F915007BD141 /* PostImageCell.swift */,
				624570492C0AABBB0094B47C /* UserCell.swift */,
			);
			path = Cells;
			sourceTree = "<group>";
		};
		624570422C0A105B0094B47C /* ViewModels */ = {
			isa = PBXGroup;
			children = (
				621A9B0B2BF21892003EAE8D /* SplashViewModel.swift */,
				621A9B502BF22DDD003EAE8D /* LogInViewModel.swift */,
				621A9B572BF23BDA003EAE8D /* SignUpViewModel.swift */,
				6296DFAB2BF4E8F300A93BD0 /* HomeViewModel.swift */,
				623221972C079BB20055B8A4 /* PostCreateViewModel.swift */,
				6271CA1D2BFB600000989407 /* ProfileViewModel.swift */,
				624570452C0AA54B0094B47C /* SearchViewModel.swift */,
				628D03C72C0E42570034C005 /* PostViewModel.swift */,
			);
			path = ViewModels;
			sourceTree = "<group>";
		};
		624570432C0A107B0094B47C /* Models */ = {
			isa = PBXGroup;
			children = (
				6296DFB52BF50D8200A93BD0 /* PostModel.swift */,
				62EE35692BF9618900708DA4 /* UserModel.swift */,
			);
			path = Models;
			sourceTree = "<group>";
		};
		624570442C0A10A90094B47C /* Builders */ = {
			isa = PBXGroup;
			children = (
				621A9B0D2BF218AB003EAE8D /* SplashBuilder.swift */,
				621A9B522BF23B07003EAE8D /* LogInScreenBuilder.swift */,
				621A9B592BF23BE8003EAE8D /* SignUpScreenBuilder.swift */,
				6271CA272BFB88C900989407 /* HomeBuilder.swift */,
				6214DC1E2C07CA6E007BD141 /* PostCreateScreenBuilder.swift */,
				623221922C0747A40055B8A4 /* ProfileScreenBuilder.swift */,
				624570472C0AAB600094B47C /* SearchScreenBuilder.swift */,
				628D03C92C0E48820034C005 /* PostScreenBuilder.swift */,
			);
			path = Builders;
			sourceTree = "<group>";
		};
		6271CA242BFB87DA00989407 /* Frameworks */ = {
			isa = PBXGroup;
			children = (
			);
			name = Frameworks;
			sourceTree = "<group>";
		};
		628D03CB2C0E93310034C005 /* Protocols */ = {
			isa = PBXGroup;
			children = (
				628D03CC2C0E933D0034C005 /* Protocols.swift */,
			);
			path = Protocols;
			sourceTree = "<group>";
		};
		62EE356B2BF9619E00708DA4 /* Service */ = {
			isa = PBXGroup;
			children = (
				62EE356C2BF961AB00708DA4 /* UserService.swift */,
				6245703E2C0908BE0094B47C /* FirebaseService.swift */,
			);
			path = Service;
			sourceTree = "<group>";
		};
/* End PBXGroup section */

/* Begin PBXNativeTarget section */
		621A9AED2BF2176C003EAE8D /* Holler */ = {
			isa = PBXNativeTarget;
			buildConfigurationList = 621A9B022BF2176D003EAE8D /* Build configuration list for PBXNativeTarget "Holler" */;
			buildPhases = (
				621A9AEA2BF2176C003EAE8D /* Sources */,
				621A9AEB2BF2176C003EAE8D /* Frameworks */,
				621A9B6A2BF248DB003EAE8D /* Resources */,
			);
			buildRules = (
			);
			dependencies = (
			);
			name = Holler;
			packageProductDependencies = (
				621A9B232BF22C7B003EAE8D /* FirebaseAuth */,
				621A9B252BF22C7B003EAE8D /* FirebaseAuthCombine-Community */,
				621A9B292BF22C7B003EAE8D /* FirebaseDatabase */,
				621A9B2B2BF22C7B003EAE8D /* FirebaseDatabaseSwift */,
				621A9B2D2BF22C7B003EAE8D /* FirebaseDynamicLinks */,
				621A9B2F2BF22C7B003EAE8D /* FirebaseFirestore */,
				621A9B312BF22C7B003EAE8D /* FirebaseFirestoreCombine-Community */,
				621A9B332BF22C7B003EAE8D /* FirebaseFirestoreSwift */,
				621A9B352BF22C7B003EAE8D /* FirebaseFunctions */,
				621A9B372BF22C7B003EAE8D /* FirebaseFunctionsCombine-Community */,
				621A9B3D2BF22C7B003EAE8D /* FirebaseInstallations */,
				621A9B492BF22C7B003EAE8D /* FirebaseStorage */,
				621A9B4B2BF22C7B003EAE8D /* FirebaseStorageCombine-Community */,
				6296DFB02BF4EB5900A93BD0 /* KeychainAccess */,
				6271CA252BFB87DA00989407 /* Kingfisher */,
			);
			productName = Holler;
			productReference = 621A9AEE2BF2176C003EAE8D /* Holler.app */;
			productType = "com.apple.product-type.application";
		};
/* End PBXNativeTarget section */

/* Begin PBXProject section */
		621A9AE62BF2176C003EAE8D /* Project object */ = {
			isa = PBXProject;
			attributes = {
				BuildIndependentTargetsInParallel = 1;
				LastSwiftUpdateCheck = 1520;
				LastUpgradeCheck = 1520;
				TargetAttributes = {
					621A9AED2BF2176C003EAE8D = {
						CreatedOnToolsVersion = 15.2;
					};
				};
			};
			buildConfigurationList = 621A9AE92BF2176C003EAE8D /* Build configuration list for PBXProject "Holler" */;
			compatibilityVersion = "Xcode 14.0";
			developmentRegion = en;
			hasScannedForEncodings = 0;
			knownRegions = (
				en,
				Base,
			);
			mainGroup = 621A9AE52BF2176C003EAE8D;
			packageReferences = (
				621A9B142BF22B4F003EAE8D /* XCRemoteSwiftPackageReference "firebase-ios-sdk" */,
				621A9B6D2BF261E3003EAE8D /* XCRemoteSwiftPackageReference "Kingfisher" */,
				6296DFAF2BF4EB5900A93BD0 /* XCRemoteSwiftPackageReference "KeychainAccess" */,
			);
			productRefGroup = 621A9AEF2BF2176C003EAE8D /* Products */;
			projectDirPath = "";
			projectRoot = "";
			targets = (
				621A9AED2BF2176C003EAE8D /* Holler */,
			);
		};
/* End PBXProject section */

/* Begin PBXResourcesBuildPhase section */
		621A9B6A2BF248DB003EAE8D /* Resources */ = {
			isa = PBXResourcesBuildPhase;
			buildActionMask = 2147483647;
			files = (
				621A9B6B2BF248DF003EAE8D /* GoogleService-Info.plist in Resources */,
			);
			runOnlyForDeploymentPostprocessing = 0;
		};
/* End PBXResourcesBuildPhase section */

/* Begin PBXSourcesBuildPhase section */
		621A9AEA2BF2176C003EAE8D /* Sources */ = {
			isa = PBXSourcesBuildPhase;
			buildActionMask = 2147483647;
			files = (
				621A9B0C2BF21892003EAE8D /* SplashViewModel.swift in Sources */,
				623221962C079BA80055B8A4 /* PostCreateViewController.swift in Sources */,
				6296DFB62BF50D8200A93BD0 /* PostModel.swift in Sources */,
				6271CA282BFB88C900989407 /* HomeBuilder.swift in Sources */,
				621A9B532BF23B07003EAE8D /* LogInScreenBuilder.swift in Sources */,
				6296DFB42BF4F1D700A93BD0 /* PostCell.swift in Sources */,
				621A9B0E2BF218AB003EAE8D /* SplashBuilder.swift in Sources */,
				621A9AF22BF2176C003EAE8D /* AppDelegate.swift in Sources */,
				621A9B562BF23BCC003EAE8D /* SignUpViewController.swift in Sources */,
				628D03CD2C0E933D0034C005 /* Protocols.swift in Sources */,
				628D03C62C0E424C0034C005 /* PostViewController.swift in Sources */,
				6214DC1F2C07CA6E007BD141 /* PostCreateScreenBuilder.swift in Sources */,
				624570482C0AAB600094B47C /* SearchScreenBuilder.swift in Sources */,
				6296DFAC2BF4E8F300A93BD0 /* HomeViewModel.swift in Sources */,
				621A9B4F2BF22DD2003EAE8D /* LogInViewController.swift in Sources */,
				6245703F2C0908BE0094B47C /* FirebaseService.swift in Sources */,
				621A9B512BF22DDD003EAE8D /* LogInViewModel.swift in Sources */,
				621A9B112BF218D7003EAE8D /* ShowAlert.swift in Sources */,
				621A9B712BF28B01003EAE8D /* ShowLoading.swift in Sources */,
				623221932C0747A40055B8A4 /* ProfileScreenBuilder.swift in Sources */,
				621A9AF42BF2176C003EAE8D /* SceneDelegate.swift in Sources */,
				6271CA212BFB822900989407 /* SearchViewController.swift in Sources */,
				625F8BFA2C0FA01E0089EC15 /* EditProfileMenu.swift in Sources */,
				6245704A2C0AABBB0094B47C /* UserCell.swift in Sources */,
				6296DFAE2BF4E90400A93BD0 /* HomeViewController.swift in Sources */,
				623221982C079BB20055B8A4 /* PostCreateViewModel.swift in Sources */,
				628D03C82C0E42570034C005 /* PostViewModel.swift in Sources */,
				621A9B5A2BF23BE8003EAE8D /* SignUpScreenBuilder.swift in Sources */,
				62EE356A2BF9618900708DA4 /* UserModel.swift in Sources */,
				62EE356D2BF961AB00708DA4 /* UserService.swift in Sources */,
				628D03CA2C0E48820034C005 /* PostScreenBuilder.swift in Sources */,
				624570462C0AA54B0094B47C /* SearchViewModel.swift in Sources */,
				621A9B732BF29D09003EAE8D /* SuccessDialogue.swift in Sources */,
				6214DC212C07F915007BD141 /* PostImageCell.swift in Sources */,
				6271CA1E2BFB600000989407 /* ProfileViewModel.swift in Sources */,
				6271CA1C2BFB5FEB00989407 /* ProfileViewController.swift in Sources */,
				6291101F2C0BA4AD00971D54 /* Extensions.swift in Sources */,
				621A9B582BF23BDA003EAE8D /* SignUpViewModel.swift in Sources */,
				621A9B0A2BF2186A003EAE8D /* SplashViewController.swift in Sources */,
			);
			runOnlyForDeploymentPostprocessing = 0;
		};
/* End PBXSourcesBuildPhase section */

/* Begin XCBuildConfiguration section */
		621A9B002BF2176D003EAE8D /* Debug */ = {
			isa = XCBuildConfiguration;
			buildSettings = {
				ALWAYS_SEARCH_USER_PATHS = NO;
				ASSETCATALOG_COMPILER_GENERATE_SWIFT_ASSET_SYMBOL_EXTENSIONS = YES;
				CLANG_ANALYZER_NONNULL = YES;
				CLANG_ANALYZER_NUMBER_OBJECT_CONVERSION = YES_AGGRESSIVE;
				CLANG_CXX_LANGUAGE_STANDARD = "gnu++20";
				CLANG_ENABLE_MODULES = YES;
				CLANG_ENABLE_OBJC_ARC = YES;
				CLANG_ENABLE_OBJC_WEAK = YES;
				CLANG_WARN_BLOCK_CAPTURE_AUTORELEASING = YES;
				CLANG_WARN_BOOL_CONVERSION = YES;
				CLANG_WARN_COMMA = YES;
				CLANG_WARN_CONSTANT_CONVERSION = YES;
				CLANG_WARN_DEPRECATED_OBJC_IMPLEMENTATIONS = YES;
				CLANG_WARN_DIRECT_OBJC_ISA_USAGE = YES_ERROR;
				CLANG_WARN_DOCUMENTATION_COMMENTS = YES;
				CLANG_WARN_EMPTY_BODY = YES;
				CLANG_WARN_ENUM_CONVERSION = YES;
				CLANG_WARN_INFINITE_RECURSION = YES;
				CLANG_WARN_INT_CONVERSION = YES;
				CLANG_WARN_NON_LITERAL_NULL_CONVERSION = YES;
				CLANG_WARN_OBJC_IMPLICIT_RETAIN_SELF = YES;
				CLANG_WARN_OBJC_LITERAL_CONVERSION = YES;
				CLANG_WARN_OBJC_ROOT_CLASS = YES_ERROR;
				CLANG_WARN_QUOTED_INCLUDE_IN_FRAMEWORK_HEADER = YES;
				CLANG_WARN_RANGE_LOOP_ANALYSIS = YES;
				CLANG_WARN_STRICT_PROTOTYPES = YES;
				CLANG_WARN_SUSPICIOUS_MOVE = YES;
				CLANG_WARN_UNGUARDED_AVAILABILITY = YES_AGGRESSIVE;
				CLANG_WARN_UNREACHABLE_CODE = YES;
				CLANG_WARN__DUPLICATE_METHOD_MATCH = YES;
				COPY_PHASE_STRIP = NO;
				DEBUG_INFORMATION_FORMAT = dwarf;
				ENABLE_STRICT_OBJC_MSGSEND = YES;
				ENABLE_TESTABILITY = YES;
				ENABLE_USER_SCRIPT_SANDBOXING = YES;
				GCC_C_LANGUAGE_STANDARD = gnu17;
				GCC_DYNAMIC_NO_PIC = NO;
				GCC_NO_COMMON_BLOCKS = YES;
				GCC_OPTIMIZATION_LEVEL = 0;
				GCC_PREPROCESSOR_DEFINITIONS = (
					"DEBUG=1",
					"$(inherited)",
				);
				GCC_WARN_64_TO_32_BIT_CONVERSION = YES;
				GCC_WARN_ABOUT_RETURN_TYPE = YES_ERROR;
				GCC_WARN_UNDECLARED_SELECTOR = YES;
				GCC_WARN_UNINITIALIZED_AUTOS = YES_AGGRESSIVE;
				GCC_WARN_UNUSED_FUNCTION = YES;
				GCC_WARN_UNUSED_VARIABLE = YES;
				IPHONEOS_DEPLOYMENT_TARGET = 17.2;
				LOCALIZATION_PREFERS_STRING_CATALOGS = YES;
				MTL_ENABLE_DEBUG_INFO = INCLUDE_SOURCE;
				MTL_FAST_MATH = YES;
				ONLY_ACTIVE_ARCH = YES;
				SDKROOT = iphoneos;
				SWIFT_ACTIVE_COMPILATION_CONDITIONS = "DEBUG $(inherited)";
				SWIFT_OPTIMIZATION_LEVEL = "-Onone";
			};
			name = Debug;
		};
		621A9B012BF2176D003EAE8D /* Release */ = {
			isa = XCBuildConfiguration;
			buildSettings = {
				ALWAYS_SEARCH_USER_PATHS = NO;
				ASSETCATALOG_COMPILER_GENERATE_SWIFT_ASSET_SYMBOL_EXTENSIONS = YES;
				CLANG_ANALYZER_NONNULL = YES;
				CLANG_ANALYZER_NUMBER_OBJECT_CONVERSION = YES_AGGRESSIVE;
				CLANG_CXX_LANGUAGE_STANDARD = "gnu++20";
				CLANG_ENABLE_MODULES = YES;
				CLANG_ENABLE_OBJC_ARC = YES;
				CLANG_ENABLE_OBJC_WEAK = YES;
				CLANG_WARN_BLOCK_CAPTURE_AUTORELEASING = YES;
				CLANG_WARN_BOOL_CONVERSION = YES;
				CLANG_WARN_COMMA = YES;
				CLANG_WARN_CONSTANT_CONVERSION = YES;
				CLANG_WARN_DEPRECATED_OBJC_IMPLEMENTATIONS = YES;
				CLANG_WARN_DIRECT_OBJC_ISA_USAGE = YES_ERROR;
				CLANG_WARN_DOCUMENTATION_COMMENTS = YES;
				CLANG_WARN_EMPTY_BODY = YES;
				CLANG_WARN_ENUM_CONVERSION = YES;
				CLANG_WARN_INFINITE_RECURSION = YES;
				CLANG_WARN_INT_CONVERSION = YES;
				CLANG_WARN_NON_LITERAL_NULL_CONVERSION = YES;
				CLANG_WARN_OBJC_IMPLICIT_RETAIN_SELF = YES;
				CLANG_WARN_OBJC_LITERAL_CONVERSION = YES;
				CLANG_WARN_OBJC_ROOT_CLASS = YES_ERROR;
				CLANG_WARN_QUOTED_INCLUDE_IN_FRAMEWORK_HEADER = YES;
				CLANG_WARN_RANGE_LOOP_ANALYSIS = YES;
				CLANG_WARN_STRICT_PROTOTYPES = YES;
				CLANG_WARN_SUSPICIOUS_MOVE = YES;
				CLANG_WARN_UNGUARDED_AVAILABILITY = YES_AGGRESSIVE;
				CLANG_WARN_UNREACHABLE_CODE = YES;
				CLANG_WARN__DUPLICATE_METHOD_MATCH = YES;
				COPY_PHASE_STRIP = NO;
				DEBUG_INFORMATION_FORMAT = "dwarf-with-dsym";
				ENABLE_NS_ASSERTIONS = NO;
				ENABLE_STRICT_OBJC_MSGSEND = YES;
				ENABLE_USER_SCRIPT_SANDBOXING = YES;
				GCC_C_LANGUAGE_STANDARD = gnu17;
				GCC_NO_COMMON_BLOCKS = YES;
				GCC_WARN_64_TO_32_BIT_CONVERSION = YES;
				GCC_WARN_ABOUT_RETURN_TYPE = YES_ERROR;
				GCC_WARN_UNDECLARED_SELECTOR = YES;
				GCC_WARN_UNINITIALIZED_AUTOS = YES_AGGRESSIVE;
				GCC_WARN_UNUSED_FUNCTION = YES;
				GCC_WARN_UNUSED_VARIABLE = YES;
				IPHONEOS_DEPLOYMENT_TARGET = 17.2;
				LOCALIZATION_PREFERS_STRING_CATALOGS = YES;
				MTL_ENABLE_DEBUG_INFO = NO;
				MTL_FAST_MATH = YES;
				SDKROOT = iphoneos;
				SWIFT_COMPILATION_MODE = wholemodule;
				VALIDATE_PRODUCT = YES;
			};
			name = Release;
		};
		621A9B032BF2176D003EAE8D /* Debug */ = {
			isa = XCBuildConfiguration;
			buildSettings = {
				ASSETCATALOG_COMPILER_APPICON_NAME = AppIcon;
				ASSETCATALOG_COMPILER_GLOBAL_ACCENT_COLOR_NAME = AccentColor;
				CODE_SIGN_STYLE = Automatic;
				CURRENT_PROJECT_VERSION = 1;
				DEVELOPMENT_TEAM = 8X8P7X3D8N;
				GENERATE_INFOPLIST_FILE = YES;
				INFOPLIST_FILE = Holler/App/Info.plist;
				INFOPLIST_KEY_UIApplicationSupportsIndirectInputEvents = YES;
				INFOPLIST_KEY_UILaunchScreen_Generation = YES;
				INFOPLIST_KEY_UISupportedInterfaceOrientations = UIInterfaceOrientationPortrait;
				INFOPLIST_KEY_UISupportedInterfaceOrientations_iPad = "UIInterfaceOrientationLandscapeLeft UIInterfaceOrientationLandscapeRight UIInterfaceOrientationPortrait UIInterfaceOrientationPortraitUpsideDown";
				LD_RUNPATH_SEARCH_PATHS = (
					"$(inherited)",
					"@executable_path/Frameworks",
				);
				MARKETING_VERSION = 1.0;
				PRODUCT_BUNDLE_IDENTIFIER = com.bprldr.Holler;
				PRODUCT_NAME = "$(TARGET_NAME)";
				SUPPORTED_PLATFORMS = "iphoneos iphonesimulator";
				SUPPORTS_MACCATALYST = NO;
				SUPPORTS_MAC_DESIGNED_FOR_IPHONE_IPAD = NO;
				SUPPORTS_XR_DESIGNED_FOR_IPHONE_IPAD = NO;
				SWIFT_EMIT_LOC_STRINGS = YES;
				SWIFT_VERSION = 5.0;
				TARGETED_DEVICE_FAMILY = 1;
			};
			name = Debug;
		};
		621A9B042BF2176D003EAE8D /* Release */ = {
			isa = XCBuildConfiguration;
			buildSettings = {
				ASSETCATALOG_COMPILER_APPICON_NAME = AppIcon;
				ASSETCATALOG_COMPILER_GLOBAL_ACCENT_COLOR_NAME = AccentColor;
				CODE_SIGN_STYLE = Automatic;
				CURRENT_PROJECT_VERSION = 1;
				DEVELOPMENT_TEAM = 8X8P7X3D8N;
				GENERATE_INFOPLIST_FILE = YES;
				INFOPLIST_FILE = Holler/App/Info.plist;
				INFOPLIST_KEY_UIApplicationSupportsIndirectInputEvents = YES;
				INFOPLIST_KEY_UILaunchScreen_Generation = YES;
				INFOPLIST_KEY_UISupportedInterfaceOrientations = UIInterfaceOrientationPortrait;
				INFOPLIST_KEY_UISupportedInterfaceOrientations_iPad = "UIInterfaceOrientationLandscapeLeft UIInterfaceOrientationLandscapeRight UIInterfaceOrientationPortrait UIInterfaceOrientationPortraitUpsideDown";
				LD_RUNPATH_SEARCH_PATHS = (
					"$(inherited)",
					"@executable_path/Frameworks",
				);
				MARKETING_VERSION = 1.0;
				PRODUCT_BUNDLE_IDENTIFIER = com.bprldr.Holler;
				PRODUCT_NAME = "$(TARGET_NAME)";
				SUPPORTED_PLATFORMS = "iphoneos iphonesimulator";
				SUPPORTS_MACCATALYST = NO;
				SUPPORTS_MAC_DESIGNED_FOR_IPHONE_IPAD = NO;
				SUPPORTS_XR_DESIGNED_FOR_IPHONE_IPAD = NO;
				SWIFT_EMIT_LOC_STRINGS = YES;
				SWIFT_VERSION = 5.0;
				TARGETED_DEVICE_FAMILY = 1;
			};
			name = Release;
		};
/* End XCBuildConfiguration section */

/* Begin XCConfigurationList section */
		621A9AE92BF2176C003EAE8D /* Build configuration list for PBXProject "Holler" */ = {
			isa = XCConfigurationList;
			buildConfigurations = (
				621A9B002BF2176D003EAE8D /* Debug */,
				621A9B012BF2176D003EAE8D /* Release */,
			);
			defaultConfigurationIsVisible = 0;
			defaultConfigurationName = Release;
		};
		621A9B022BF2176D003EAE8D /* Build configuration list for PBXNativeTarget "Holler" */ = {
			isa = XCConfigurationList;
			buildConfigurations = (
				621A9B032BF2176D003EAE8D /* Debug */,
				621A9B042BF2176D003EAE8D /* Release */,
			);
			defaultConfigurationIsVisible = 0;
			defaultConfigurationName = Release;
		};
/* End XCConfigurationList section */

/* Begin XCRemoteSwiftPackageReference section */
		621A9B142BF22B4F003EAE8D /* XCRemoteSwiftPackageReference "firebase-ios-sdk" */ = {
			isa = XCRemoteSwiftPackageReference;
			repositoryURL = "https://github.com/firebase/firebase-ios-sdk";
			requirement = {
				kind = upToNextMajorVersion;
				minimumVersion = 10.25.0;
			};
		};
		621A9B6D2BF261E3003EAE8D /* XCRemoteSwiftPackageReference "Kingfisher" */ = {
			isa = XCRemoteSwiftPackageReference;
			repositoryURL = "https://github.com/onevcat/Kingfisher";
			requirement = {
				kind = upToNextMajorVersion;
				minimumVersion = 7.11.0;
			};
		};
		6296DFAF2BF4EB5900A93BD0 /* XCRemoteSwiftPackageReference "KeychainAccess" */ = {
			isa = XCRemoteSwiftPackageReference;
			repositoryURL = "https://github.com/kishikawakatsumi/KeychainAccess";
			requirement = {
				branch = master;
				kind = branch;
			};
		};
/* End XCRemoteSwiftPackageReference section */

/* Begin XCSwiftPackageProductDependency section */
		621A9B232BF22C7B003EAE8D /* FirebaseAuth */ = {
			isa = XCSwiftPackageProductDependency;
			package = 621A9B142BF22B4F003EAE8D /* XCRemoteSwiftPackageReference "firebase-ios-sdk" */;
			productName = FirebaseAuth;
		};
		621A9B252BF22C7B003EAE8D /* FirebaseAuthCombine-Community */ = {
			isa = XCSwiftPackageProductDependency;
			package = 621A9B142BF22B4F003EAE8D /* XCRemoteSwiftPackageReference "firebase-ios-sdk" */;
			productName = "FirebaseAuthCombine-Community";
		};
		621A9B292BF22C7B003EAE8D /* FirebaseDatabase */ = {
			isa = XCSwiftPackageProductDependency;
			package = 621A9B142BF22B4F003EAE8D /* XCRemoteSwiftPackageReference "firebase-ios-sdk" */;
			productName = FirebaseDatabase;
		};
		621A9B2B2BF22C7B003EAE8D /* FirebaseDatabaseSwift */ = {
			isa = XCSwiftPackageProductDependency;
			package = 621A9B142BF22B4F003EAE8D /* XCRemoteSwiftPackageReference "firebase-ios-sdk" */;
			productName = FirebaseDatabaseSwift;
		};
		621A9B2D2BF22C7B003EAE8D /* FirebaseDynamicLinks */ = {
			isa = XCSwiftPackageProductDependency;
			package = 621A9B142BF22B4F003EAE8D /* XCRemoteSwiftPackageReference "firebase-ios-sdk" */;
			productName = FirebaseDynamicLinks;
		};
		621A9B2F2BF22C7B003EAE8D /* FirebaseFirestore */ = {
			isa = XCSwiftPackageProductDependency;
			package = 621A9B142BF22B4F003EAE8D /* XCRemoteSwiftPackageReference "firebase-ios-sdk" */;
			productName = FirebaseFirestore;
		};
		621A9B312BF22C7B003EAE8D /* FirebaseFirestoreCombine-Community */ = {
			isa = XCSwiftPackageProductDependency;
			package = 621A9B142BF22B4F003EAE8D /* XCRemoteSwiftPackageReference "firebase-ios-sdk" */;
			productName = "FirebaseFirestoreCombine-Community";
		};
		621A9B332BF22C7B003EAE8D /* FirebaseFirestoreSwift */ = {
			isa = XCSwiftPackageProductDependency;
			package = 621A9B142BF22B4F003EAE8D /* XCRemoteSwiftPackageReference "firebase-ios-sdk" */;
			productName = FirebaseFirestoreSwift;
		};
		621A9B352BF22C7B003EAE8D /* FirebaseFunctions */ = {
			isa = XCSwiftPackageProductDependency;
			package = 621A9B142BF22B4F003EAE8D /* XCRemoteSwiftPackageReference "firebase-ios-sdk" */;
			productName = FirebaseFunctions;
		};
		621A9B372BF22C7B003EAE8D /* FirebaseFunctionsCombine-Community */ = {
			isa = XCSwiftPackageProductDependency;
			package = 621A9B142BF22B4F003EAE8D /* XCRemoteSwiftPackageReference "firebase-ios-sdk" */;
			productName = "FirebaseFunctionsCombine-Community";
		};
		621A9B3D2BF22C7B003EAE8D /* FirebaseInstallations */ = {
			isa = XCSwiftPackageProductDependency;
			package = 621A9B142BF22B4F003EAE8D /* XCRemoteSwiftPackageReference "firebase-ios-sdk" */;
			productName = FirebaseInstallations;
		};
		621A9B492BF22C7B003EAE8D /* FirebaseStorage */ = {
			isa = XCSwiftPackageProductDependency;
			package = 621A9B142BF22B4F003EAE8D /* XCRemoteSwiftPackageReference "firebase-ios-sdk" */;
			productName = FirebaseStorage;
		};
		621A9B4B2BF22C7B003EAE8D /* FirebaseStorageCombine-Community */ = {
			isa = XCSwiftPackageProductDependency;
			package = 621A9B142BF22B4F003EAE8D /* XCRemoteSwiftPackageReference "firebase-ios-sdk" */;
			productName = "FirebaseStorageCombine-Community";
		};
		6271CA252BFB87DA00989407 /* Kingfisher */ = {
			isa = XCSwiftPackageProductDependency;
			package = 621A9B6D2BF261E3003EAE8D /* XCRemoteSwiftPackageReference "Kingfisher" */;
			productName = Kingfisher;
		};
		6296DFB02BF4EB5900A93BD0 /* KeychainAccess */ = {
			isa = XCSwiftPackageProductDependency;
			package = 6296DFAF2BF4EB5900A93BD0 /* XCRemoteSwiftPackageReference "KeychainAccess" */;
			productName = KeychainAccess;
		};
/* End XCSwiftPackageProductDependency section */
	};
	rootObject = 621A9AE62BF2176C003EAE8D /* Project object */;
}
